# This file was autogenerated by uv via the following command:
#    uv pip compile --python-platform linux --python-version 3.11 --extra api -o requirements-api.lock pyproject.toml
annotated-doc==0.0.4
    # via fastapi
annotated-types==0.7.0
    # via pydantic
anyio==4.14.1
    # via
    #   starlette
    #   watchfiles
cachetools==5.5.2
    # via mlflow-skinny
certifi==2026.6.17
    # via requests
charset-normalizer==3.4.7
    # via requests
click==8.4.2
    # via
    #   mlflow-skinny
    #   uvicorn
cloudpickle==3.1.2
    # via mlflow-skinny
entrypoints==0.4
    # via mlflow-skinny
fastapi==0.139.0
    # via
    #   fraud-detection-mlops (pyproject.toml)
    #   prometheus-fastapi-instrumentator
gitdb==4.0.12
    # via gitpython
gitpython==3.1.50
    # via mlflow-skinny
h11==0.16.0
    # via uvicorn
httptools==0.8.0
    # via uvicorn
idna==3.18
    # via
    #   anyio
    #   requests
importlib-metadata==7.2.1
    # via mlflow-skinny
joblib==1.5.3
    # via scikit-learn
mlflow-skinny==2.13.2
    # via fraud-detection-mlops (pyproject.toml)
numpy==1.26.4
    # via
    #   fraud-detection-mlops (pyproject.toml)
    #   pandas
    #   scikit-learn
    #   scipy
    #   xgboost
opentelemetry-api==1.43.0
    # via
    #   mlflow-skinny
    #   opentelemetry-sdk
    #   opentelemetry-semantic-conventions
opentelemetry-sdk==1.43.0
    # via mlflow-skinny
opentelemetry-semantic-conventions==0.64b0
    # via opentelemetry-sdk
packaging==24.2
    # via mlflow-skinny
pandas==2.2.3
    # via fraud-detection-mlops (pyproject.toml)
prometheus-client==0.25.0
    # via prometheus-fastapi-instrumentator
prometheus-fastapi-instrumentator==6.1.0
    # via fraud-detection-mlops (pyproject.toml)
protobuf==4.25.9
    # via mlflow-skinny
pydantic==2.13.4
    # via
    #   fraud-detection-mlops (pyproject.toml)
    #   fastapi
pydantic-core==2.46.4
    # via pydantic
python-dateutil==2.9.0.post0
    # via pandas
python-dotenv==1.2.2
    # via uvicorn
pytz==2024.2
    # via
    #   mlflow-skinny
    #   pandas
pyyaml==6.0.3
    # via
    #   fraud-detection-mlops (pyproject.toml)
    #   mlflow-skinny
    #   uvicorn
requests==2.34.2
    # via mlflow-skinny
scikit-learn==1.5.2
    # via fraud-detection-mlops (pyproject.toml)
scipy==1.17.1
    # via
    #   scikit-learn
    #   xgboost
setuptools==80.10.2
    # via fraud-detection-mlops (pyproject.toml)
six==1.17.0
    # via python-dateutil
smmap==5.0.3
    # via gitdb
sqlparse==0.5.5
    # via mlflow-skinny
starlette==1.3.1
    # via fastapi
threadpoolctl==3.6.0
    # via scikit-learn
typing-extensions==4.15.0
    # via
    #   anyio
    #   fastapi
    #   opentelemetry-api
    #   opentelemetry-sdk
    #   opentelemetry-semantic-conventions
    #   pydantic
    #   pydantic-core
    #   starlette
    #   typing-inspection
typing-inspection==0.4.2
    # via
    #   fastapi
    #   pydantic
tzdata==2026.2
    # via pandas
urllib3==2.7.0
    # via requests
uvicorn==0.29.0
    # via fraud-detection-mlops (pyproject.toml)
uvloop==0.22.1
    # via uvicorn
watchfiles==1.2.0
    # via uvicorn
websockets==16.0
    # via uvicorn
xgboost==2.0.3
    # via fraud-detection-mlops (pyproject.toml)
zipp==4.1.0
    # via importlib-metadata
